// !$*UTF8*$!
{
	archiveVersion = 1;
	classes = {
	};
	objectVersion = 46;
	objects = {

/* Begin PBXBuildFile section */
		B8CDC7411A43D35200137D44 /* main.m in Sources */ = {isa = PBXBuildFile; fileRef = B8CDC7401A43D35200137D44 /* main.m */; };
		B8CDC7441A43D35200137D44 /* AppDelegate.m in Sources */ = {isa = PBXBuildFile; fileRef = B8CDC7431A43D35200137D44 /* AppDelegate.m */; };
		B8CDC7471A43D35200137D44 /* ViewController.m in Sources */ = {isa = PBXBuildFile; fileRef = B8CDC7461A43D35200137D44 /* ViewController.m */; };
		B8CDC74A1A43D35200137D44 /* Main.storyboard in Resources */ = {isa = PBXBuildFile; fileRef = B8CDC7481A43D35200137D44 /* Main.storyboard */; };
		B8CDC74C1A43D35200137D44 /* Images.xcassets in Resources */ = {isa = PBXBuildFile; fileRef = B8CDC74B1A43D35200137D44 /* Images.xcassets */; };
		B8CDC74F1A43D35200137D44 /* LaunchScreen.xib in Resources */ = {isa = PBXBuildFile; fileRef = B8CDC74D1A43D35200137D44 /* LaunchScreen.xib */; };
		B8CDC75B1A43D35200137D44 /* RunningTasksSynchronouslyWithOperations_Tests.m in Sources */ = {isa = PBXBuildFile; fileRef = B8CDC75A1A43D35200137D44 /* RunningTasksSynchronouslyWithOperations_Tests.m */; };
		B8CDC7661A43D36800137D44 /* CountingOperation.m in Sources */ = {isa = PBXBuildFile; fileRef = B8CDC7651A43D36800137D44 /* CountingOperation.m */; };
/* End PBXBuildFile section */

/* Begin PBXContainerItemProxy section */
		B8CDC7551A43D35200137D44 /* PBXContainerItemProxy */ = {
			isa = PBXContainerItemProxy;
			containerPortal = B8CDC7331A43D35100137D44 /* Project object */;
			proxyType = 1;
			remoteGlobalIDString = B8CDC73A1A43D35200137D44;
			remoteInfo = RunningTasksSynchronouslyWithOperations_;
		};
/* End PBXContainerItemProxy section */

/* Begin PBXFileReference section */
		B8CDC73B1A43D35200137D44 /* RunningTasksSynchronouslyWithOperations_.app */ = {isa = PBXFileReference; explicitFileType = wrapper.application; includeInIndex = 0; path = RunningTasksSynchronouslyWithOperations_.app; sourceTree = BUILT_PRODUCTS_DIR; };
		B8CDC73F1A43D35200137D44 /* Info.plist */ = {isa = PBXFileReference; lastKnownFileType = text.plist.xml; path = Info.plist; sourceTree = "<group>"; };
		B8CDC7401A43D35200137D44 /* main.m */ = {isa = PBXFileReference; lastKnownFileType = sourcecode.c.objc; path = main.m; sourceTree = "<group>"; };
		B8CDC7421A43D35200137D44 /* AppDelegate.h */ = {isa = PBXFileReference; lastKnownFileType = sourcecode.c.h; path = AppDelegate.h; sourceTree = "<group>"; };
		B8CDC7431A43D35200137D44 /* AppDelegate.m */ = {isa = PBXFileReference; lastKnownFileType = sourcecode.c.objc; path = AppDelegate.m; sourceTree = "<group>"; };
		B8CDC7451A43D35200137D44 /* ViewController.h */ = {isa = PBXFileReference; lastKnownFileType = sourcecode.c.h; path = ViewController.h; sourceTree = "<group>"; };
		B8CDC7461A43D35200137D44 /* ViewController.m */ = {isa = PBXFileReference; lastKnownFileType = sourcecode.c.objc; path = ViewController.m; sourceTree = "<group>"; };
		B8CDC7491A43D35200137D44 /* Base */ = {isa = PBXFileReference; lastKnownFileType = file.storyboard; name = Base; path = Base.lproj/Main.storyboard; sourceTree = "<group>"; };
		B8CDC74B1A43D35200137D44 /* Images.xcassets */ = {isa = PBXFileReference; lastKnownFileType = folder.assetcatalog; path = Images.xcassets; sourceTree = "<group>"; };
		B8CDC74E1A43D35200137D44 /* Base */ = {isa = PBXFileReference; lastKnownFileType = file.xib; name = Base; path = Base.lproj/LaunchScreen.xib; sourceTree = "<group>"; };
		B8CDC7541A43D35200137D44 /* RunningTasksSynchronouslyWithOperations_Tests.xctest */ = {isa = PBXFileReference; explicitFileType = wrapper.cfbundle; includeInIndex = 0; path = RunningTasksSynchronouslyWithOperations_Tests.xctest; sourceTree = BUILT_PRODUCTS_DIR; };
		B8CDC7591A43D35200137D44 /* Info.plist */ = {isa = PBXFileReference; lastKnownFileType = text.plist.xml; path = Info.plist; sourceTree = "<group>"; };
		B8CDC75A1A43D35200137D44 /* RunningTasksSynchronouslyWithOperations_Tests.m */ = {isa = PBXFileReference; lastKnownFileType = sourcecode.c.objc; path = RunningTasksSynchronouslyWithOperations_Tests.m; sourceTree = "<group>"; };
		B8CDC7641A43D36800137D44 /* CountingOperation.h */ = {isa = PBXFileReference; fileEncoding = 4; lastKnownFileType = sourcecode.c.h; path = CountingOperation.h; sourceTree = "<group>"; };
		B8CDC7651A43D36800137D44 /* CountingOperation.m */ = {isa = PBXFileReference; fileEncoding = 4; lastKnownFileType = sourcecode.c.objc; path = CountingOperation.m; sourceTree = "<group>"; };
/* End PBXFileReference section */

/* Begin PBXFrameworksBuildPhase section */
		B8CDC7381A43D35200137D44 /* Frameworks */ = {
			isa = PBXFrameworksBuildPhase;
			buildActionMask = 2147483647;
			files = (
			);
			runOnlyForDeploymentPostprocessing = 0;
		};
		B8CDC7511A43D35200137D44 /* Frameworks */ = {
			isa = PBXFrameworksBuildPhase;
			buildActionMask = 2147483647;
			files = (
			);
			runOnlyForDeploymentPostprocessing = 0;
		};
/* End PBXFrameworksBuildPhase section */

/* Begin PBXGroup section */
		B8CDC7321A43D35100137D44 = {
			isa = PBXGroup;
			children = (
				B8CDC73D1A43D35200137D44 /* RunningTasksSynchronouslyWithOperations_ */,
				B8CDC7571A43D35200137D44 /* RunningTasksSynchronouslyWithOperations_Tests */,
				B8CDC73C1A43D35200137D44 /* Products */,
			);
			sourceTree = "<group>";
		};
		B8CDC73C1A43D35200137D44 /* Products */ = {
			isa = PBXGroup;
			children = (
				B8CDC73B1A43D35200137D44 /* RunningTasksSynchronouslyWithOperations_.app */,
				B8CDC7541A43D35200137D44 /* RunningTasksSynchronouslyWithOperations_Tests.xctest */,
			);
			name = Products;
			sourceTree = "<group>";
		};
		B8CDC73D1A43D35200137D44 /* RunningTasksSynchronouslyWithOperations_ */ = {
			isa = PBXGroup;
			children = (
				B8CDC7421A43D35200137D44 /* AppDelegate.h */,
				B8CDC7431A43D35200137D44 /* AppDelegate.m */,
				B8CDC7451A43D35200137D44 /* ViewController.h */,
				B8CDC7461A43D35200137D44 /* ViewController.m */,
				B8CDC7641A43D36800137D44 /* CountingOperation.h */,
				B8CDC7651A43D36800137D44 /* CountingOperation.m */,
				B8CDC7481A43D35200137D44 /* Main.storyboard */,
				B8CDC74B1A43D35200137D44 /* Images.xcassets */,
				B8CDC74D1A43D35200137D44 /* LaunchScreen.xib */,
				B8CDC73E1A43D35200137D44 /* Supporting Files */,
			);
			path = RunningTasksSynchronouslyWithOperations_;
			sourceTree = "<group>";
		};
		B8CDC73E1A43D35200137D44 /* Supporting Files */ = {
			isa = PBXGroup;
			children = (
				B8CDC73F1A43D35200137D44 /* Info.plist */,
				B8CDC7401A43D35200137D44 /* main.m */,
			);
			name = "Supporting Files";
			sourceTree = "<group>";
		};
		B8CDC7571A43D35200137D44 /* RunningTasksSynchronouslyWithOperations_Tests */ = {
			isa = PBXGroup;
			children = (
				B8CDC75A1A43D35200137D44 /* RunningTasksSynchronouslyWithOperations_Tests.m */,
				B8CDC7581A43D35200137D44 /* Supporting Files */,
			);
			path = RunningTasksSynchronouslyWithOperations_Tests;
			sourceTree = "<group>";
		};
		B8CDC7581A43D35200137D44 /* Supporting Files */ = {
			isa = PBXGroup;
			children = (
				B8CDC7591A43D35200137D44 /* Info.plist */,
			);
			name = "Supporting Files";
			sourceTree = "<group>";
		};
/* End PBXGroup section */

/* Begin PBXNativeTarget section */
		B8CDC73A1A43D35200137D44 /* RunningTasksSynchronouslyWithOperations_ */ = {
			isa = PBXNativeTarget;
			buildConfigurationList = B8CDC75E1A43D35200137D44 /* Build configuration list for PBXNativeTarget "RunningTasksSynchronouslyWithOperations_" */;
			buildPhases = (
				B8CDC7371A43D35200137D44 /* Sources */,
				B8CDC7381A43D35200137D44 /* Frameworks */,
				B8CDC7391A43D35200137D44 /* Resources */,
			);
			buildRules = (
			);
			dependencies = (
			);
			name = RunningTasksSynchronouslyWithOperations_;
			productName = RunningTasksSynchronouslyWithOperations_;
			productReference = B8CDC73B1A43D35200137D44 /* RunningTasksSynchronouslyWithOperations_.app */;
			productType = "com.apple.product-type.application";
		};
		B8CDC7531A43D35200137D44 /* RunningTasksSynchronouslyWithOperations_Tests */ = {
			isa = PBXNativeTarget;
			buildConfigurationList = B8CDC7611A43D35200137D44 /* Build configuration list for PBXNativeTarget "RunningTasksSynchronouslyWithOperations_Tests" */;
			buildPhases = (
				B8CDC7501A43D35200137D44 /* Sources */,
				B8CDC7511A43D35200137D44 /* Frameworks */,
				B8CDC7521A43D35200137D44 /* Resources */,
			);
			buildRules = (
			);
			dependencies = (
				B8CDC7561A43D35200137D44 /* PBXTargetDependency */,
			);
			name = RunningTasksSynchronouslyWithOperations_Tests;
			productName = RunningTasksSynchronouslyWithOperations_Tests;
			productReference = B8CDC7541A43D35200137D44 /* RunningTasksSynchronouslyWithOperations_Tests.xctest */;
			productType = "com.apple.product-type.bundle.unit-test";
		};
/* End PBXNativeTarget section */

/* Begin PBXProject section */
		B8CDC7331A43D35100137D44 /* Project object */ = {
			isa = PBXProject;
			attributes = {
				LastUpgradeCheck = 0610;
				ORGANIZATIONNAME = "Wild Yaoyao";
				TargetAttributes = {
					B8CDC73A1A43D35200137D44 = {
						CreatedOnToolsVersion = 6.1;
					};
					B8CDC7531A43D35200137D44 = {
						CreatedOnToolsVersion = 6.1;
						TestTargetID = B8CDC73A1A43D35200137D44;
					};
				};
			};
			buildConfigurationList = B8CDC7361A43D35200137D44 /* Build configuration list for PBXProject "RunningTasksSynchronouslyWithOperations_" */;
			compatibilityVersion = "Xcode 3.2";
			developmentRegion = English;
			hasScannedForEncodings = 0;
			knownRegions = (
				en,
				Base,
			);
			mainGroup = B8CDC7321A43D35100137D44;
			productRefGroup = B8CDC73C1A43D35200137D44 /* Products */;
			projectDirPath = "";
			projectRoot = "";
			targets = (
				B8CDC73A1A43D35200137D44 /* RunningTasksSynchronouslyWithOperations_ */,
				B8CDC7531A43D35200137D44 /* RunningTasksSynchronouslyWithOperations_Tests */,
			);
		};
/* End PBXProject section */

/* Begin PBXResourcesBuildPhase section */
		B8CDC7391A43D35200137D44 /* Resources */ = {
			isa = PBXResourcesBuildPhase;
			buildActionMask = 2147483647;
			files = (
				B8CDC74A1A43D35200137D44 /* Main.storyboard in Resources */,
				B8CDC74F1A43D35200137D44 /* LaunchScreen.xib in Resources */,
				B8CDC74C1A43D35200137D44 /* Images.xcassets in Resources */,
			);
			runOnlyForDeploymentPostprocessing = 0;
		};
		B8CDC7521A43D35200137D44 /* Resources */ = {
			isa = PBXResourcesBuildPhase;
			buildActionMask = 2147483647;
			files = (
			);
			runOnlyForDeploymentPostprocessing = 0;
		};
/* End PBXResourcesBuildPhase section */

/* Begin PBXSourcesBuildPhase section */
		B8CDC7371A43D35200137D44 /* Sources */ = {
			isa = PBXSourcesBuildPhase;
			buildActionMask = 2147483647;
			files = (
				B8CDC7471A43D35200137D44 /* ViewController.m in Sources */,
				B8CDC7441A43D35200137D44 /* AppDelegate.m in Sources */,
				B8CDC7661A43D36800137D44 /* CountingOperation.m in Sources */,
				B8CDC7411A43D35200137D44 /* main.m in Sources */,
			);
			runOnlyForDeploymentPostprocessing = 0;
		};
		B8CDC7501A43D35200137D44 /* Sources */ = {
			isa = PBXSourcesBuildPhase;
			buildActionMask = 2147483647;
			files = (
				B8CDC75B1A43D35200137D44 /* RunningTasksSynchronouslyWithOperations_Tests.m in Sources */,
			);
			runOnlyForDeploymentPostprocessing = 0;
		};
/* End PBXSourcesBuildPhase section */

/* Begin PBXTargetDependency section */
		B8CDC7561A43D35200137D44 /* PBXTargetDependency */ = {
			isa = PBXTargetDependency;
			target = B8CDC73A1A43D35200137D44 /* RunningTasksSynchronouslyWithOperations_ */;
			targetProxy = B8CDC7551A43D35200137D44 /* PBXContainerItemProxy */;
		};
/* End PBXTargetDependency section */

/* Begin PBXVariantGroup section */
		B8CDC7481A43D35200137D44 /* Main.storyboard */ = {
			isa = PBXVariantGroup;
			children = (
				B8CDC7491A43D35200137D44 /* Base */,
			);
			name = Main.storyboard;
			sourceTree = "<group>";
		};
		B8CDC74D1A43D35200137D44 /* LaunchScreen.xib */ = {
			isa = PBXVariantGroup;
			children = (
				B8CDC74E1A43D35200137D44 /* Base */,
			);
			name = LaunchScreen.xib;
			sourceTree = "<group>";
		};
/* End PBXVariantGroup section */

/* Begin XCBuildConfiguration section */
		B8CDC75C1A43D35200137D44 /* Debug */ = {
			isa = XCBuildConfiguration;
			buildSettings = {
				ALWAYS_SEARCH_USER_PATHS = NO;
				CLANG_CXX_LANGUAGE_STANDARD = "gnu++0x";
				CLANG_CXX_LIBRARY = "libc++";
				CLANG_ENABLE_MODULES = YES;
				CLANG_ENABLE_OBJC_ARC = YES;
				CLANG_WARN_BOOL_CONVERSION = YES;
				CLANG_WARN_CONSTANT_CONVERSION = YES;
				CLANG_WARN_DIRECT_OBJC_ISA_USAGE = YES_ERROR;
				CLANG_WARN_EMPTY_BODY = YES;
				CLANG_WARN_ENUM_CONVERSION = YES;
				CLANG_WARN_INT_CONVERSION = YES;
				CLANG_WARN_OBJC_ROOT_CLASS = YES_ERROR;
				CLANG_WARN_UNREACHABLE_CODE = YES;
				CLANG_WARN__DUPLICATE_METHOD_MATCH = YES;
				"CODE_SIGN_IDENTITY[sdk=iphoneos*]" = "iPhone Developer";
				COPY_PHASE_STRIP = NO;
				ENABLE_STRICT_OBJC_MSGSEND = YES;
				GCC_C_LANGUAGE_STANDARD = gnu99;
				GCC_DYNAMIC_NO_PIC = NO;
				GCC_OPTIMIZATION_LEVEL = 0;
				GCC_PREPROCESSOR_DEFINITIONS = (
					"DEBUG=1",
					"$(inherited)",
				);
				GCC_SYMBOLS_PRIVATE_EXTERN = NO;
				GCC_WARN_64_TO_32_BIT_CONVERSION = YES;
				GCC_WARN_ABOUT_RETURN_TYPE = YES_ERROR;
				GCC_WARN_UNDECLARED_SELECTOR = YES;
				GCC_WARN_UNINITIALIZED_AUTOS = YES_AGGRESSIVE;
				GCC_WARN_UNUSED_FUNCTION = YES;
				GCC_WARN_UNUSED_VARIABLE = YES;
				IPHONEOS_DEPLOYMENT_TARGET = 8.1;
				MTL_ENABLE_DEBUG_INFO = YES;
				ONLY_ACTIVE_ARCH = YES;
				SDKROOT = iphoneos;
			};
			name = Debug;
		};
		B8CDC75D1A43D35200137D44 /* Release */ = {
			isa = XCBuildConfiguration;
			buildSettings = {
				ALWAYS_SEARCH_USER_PATHS = NO;
				CLANG_CXX_LANGUAGE_STANDARD = "gnu++0x";
				CLANG_CXX_LIBRARY = "libc++";
				CLANG_ENABLE_MODULES = YES;
				CLANG_ENABLE_OBJC_ARC = YES;
				CLANG_WARN_BOOL_CONVERSION = YES;
				CLANG_WARN_CONSTANT_CONVERSION = YES;
				CLANG_WARN_DIRECT_OBJC_ISA_USAGE = YES_ERROR;
				CLANG_WARN_EMPTY_BODY = YES;
				CLANG_WARN_ENUM_CONVERSION = YES;
				CLANG_WARN_INT_CONVERSION = YES;
				CLANG_WARN_OBJC_ROOT_CLASS = YES_ERROR;
				CLANG_WARN_UNREACHABLE_CODE = YES;
				CLANG_WARN__DUPLICATE_METHOD_MATCH = YES;
				"CODE_SIGN_IDENTITY[sdk=iphoneos*]" = "iPhone Developer";
				COPY_PHASE_STRIP = YES;
				ENABLE_NS_ASSERTIONS = NO;
				ENABLE_STRICT_OBJC_MSGSEND = YES;
				GCC_C_LANGUAGE_STANDARD = gnu99;
				GCC_WARN_64_TO_32_BIT_CONVERSION = YES;
				GCC_WARN_ABOUT_RETURN_TYPE = YES_ERROR;
				GCC_WARN_UNDECLARED_SELECTOR = YES;
				GCC_WARN_UNINITIALIZED_AUTOS = YES_AGGRESSIVE;
				GCC_WARN_UNUSED_FUNCTION = YES;
				GCC_WARN_UNUSED_VARIABLE = YES;
				IPHONEOS_DEPLOYMENT_TARGET = 8.1;
				MTL_ENABLE_DEBUG_INFO = NO;
				SDKROOT = iphoneos;
				VALIDATE_PRODUCT = YES;
			};
			name = Release;
		};
		B8CDC75F1A43D35200137D44 /* Debug */ = {
			isa = XCBuildConfiguration;
			buildSettings = {
				ASSETCATALOG_COMPILER_APPICON_NAME = AppIcon;
				INFOPLIST_FILE = RunningTasksSynchronouslyWithOperations_/Info.plist;
				LD_RUNPATH_SEARCH_PATHS = "$(inherited) @executable_path/Frameworks";
				PRODUCT_NAME = "$(TARGET_NAME)";
			};
			name = Debug;
		};
		B8CDC7601A43D35200137D44 /* Release */ = {
			isa = XCBuildConfiguration;
			buildSettings = {
				ASSETCATALOG_COMPILER_APPICON_NAME = AppIcon;
				INFOPLIST_FILE = RunningTasksSynchronouslyWithOperations_/Info.plist;
				LD_RUNPATH_SEARCH_PATHS = "$(inherited) @executable_path/Frameworks";
				PRODUCT_NAME = "$(TARGET_NAME)";
			};
			name = Release;
		};
		B8CDC7621A43D35200137D44 /* Debug */ = {
			isa = XCBuildConfiguration;
			buildSettings = {
				BUNDLE_LOADER = "$(TEST_HOST)";
				FRAMEWORK_SEARCH_PATHS = (
					"$(SDKROOT)/Developer/Library/Frameworks",
					"$(inherited)",
				);
				GCC_PREPROCESSOR_DEFINITIONS = (
					"DEBUG=1",
					"$(inherited)",
				);
				INFOPLIST_FILE = RunningTasksSynchronouslyWithOperations_Tests/Info.plist;
				LD_RUNPATH_SEARCH_PATHS = "$(inherited) @executable_path/Frameworks @loader_path/Frameworks";
				PRODUCT_NAME = "$(TARGET_NAME)";
				TEST_HOST = "$(BUILT_PRODUCTS_DIR)/RunningTasksSynchronouslyWithOperations_.app/RunningTasksSynchronouslyWithOperations_";
			};
			name = Debug;
		};
		B8CDC7631A43D35200137D44 /* Release */ = {
			isa = XCBuildConfiguration;
			buildSettings = {
				BUNDLE_LOADER = "$(TEST_HOST)";
				FRAMEWORK_SEARCH_PATHS = (
					"$(SDKROOT)/Developer/Library/Frameworks",
					"$(inherited)",
				);
				INFOPLIST_FILE = RunningTasksSynchronouslyWithOperations_Tests/Info.plist;
				LD_RUNPATH_SEARCH_PATHS = "$(inherited) @executable_path/Frameworks @loader_path/Frameworks";
				PRODUCT_NAME = "$(TARGET_NAME)";
				TEST_HOST = "$(BUILT_PRODUCTS_DIR)/RunningTasksSynchronouslyWithOperations_.app/RunningTasksSynchronouslyWithOperations_";
			};
			name = Release;
		};
/* End XCBuildConfiguration section */

/* Begin XCConfigurationList section */
		B8CDC7361A43D35200137D44 /* Build configuration list for PBXProject "RunningTasksSynchronouslyWithOperations_" */ = {
			isa = XCConfigurationList;
			buildConfigurations = (
				B8CDC75C1A43D35200137D44 /* Debug */,
				B8CDC75D1A43D35200137D44 /* Release */,
			);
			defaultConfigurationIsVisible = 0;
			defaultConfigurationName = Release;
		};
		B8CDC75E1A43D35200137D44 /* Build configuration list for PBXNativeTarget "RunningTasksSynchronouslyWithOperations_" */ = {
			isa = XCConfigurationList;
			buildConfigurations = (
				B8CDC75F1A43D35200137D44 /* Debug */,
				B8CDC7601A43D35200137D44 /* Release */,
			);
			defaultConfigurationIsVisible = 0;
		};
		B8CDC7611A43D35200137D44 /* Build configuration list for PBXNativeTarget "RunningTasksSynchronouslyWithOperations_Tests" */ = {
			isa = XCConfigurationList;
			buildConfigurations = (
				B8CDC7621A43D35200137D44 /* Debug */,
				B8CDC7631A43D35200137D44 /* Release */,
			);
			defaultConfigurationIsVisible = 0;
		};
/* End XCConfigurationList section */
	};
	rootObject = B8CDC7331A43D35100137D44 /* Project object */;
}
